
Microsoft Visual Studio Solution File, Format Version 12.00
# Visual Studio Version 17
VisualStudioVersion = 17.9.34714.143
MinimumVisualStudioVersion = 10.0.40219.1
Project("{2150E333-8FDC-42A3-9474-1A3956D46DE8}") = "Frontends", "Frontends", "{8708BEFB-C25F-4A62-ABA2-54F1D4EC4C0E}"
EndProject
Project("{FAE04EC0-301F-11D3-BF4B-00C04F79EFBC}") = "WebUI", "Frontends\WebUI\WebUI.csproj", "{F205B252-7EDF-4804-B488-1AE1DA306219}"
EndProject
Global
	GlobalSection(SolutionConfigurationPlatforms) = preSolution
		Debug|Any CPU = Debug|Any CPU
		Release|Any CPU = Release|Any CPU
	EndGlobalSection
	GlobalSection(ProjectConfigurationPlatforms) = postSolution
		{F205B252-7EDF-4804-B488-1AE1DA306219}.Debug|Any CPU.ActiveCfg = Debug|Any CPU
		{F205B252-7EDF-4804-B488-1AE1DA306219}.Debug|Any CPU.Build.0 = Debug|Any CPU
		{F205B252-7EDF-4804-B488-1AE1DA306219}.Release|Any CPU.ActiveCfg = Release|Any CPU
		{F205B252-7EDF-4804-B488-1AE1DA306219}.Release|Any CPU.Build.0 = Release|Any CPU
	EndGlobalSection
	GlobalSection(SolutionProperties) = preSolution
		HideSolutionNode = FALSE
	EndGlobalSection
	GlobalSection(NestedProjects) = preSolution
		{F205B252-7EDF-4804-B488-1AE1DA306219} = {8708BEFB-C25F-4A62-ABA2-54F1D4EC4C0E}
	EndGlobalSection
	GlobalSection(ExtensibilityGlobals) = postSolution
		SolutionGuid = {0C9FA4CB-88A5-406C-99D6-D4686AF86C22}
	EndGlobalSection
EndGlobal
